
Microsoft Visual Studio Solution File, Format Version 12.00
# Visual Studio 15
VisualStudioVersion = 15.0.27130.2036
MinimumVisualStudioVersion = 10.0.40219.1
Project("{FAE04EC0-301F-11D3-BF4B-00C04F79EFBC}") = "WebApplicationDeployUsingGit", "WebApplicationDeployUsingGit\WebApplicationDeployUsingGit.csproj", "{8F587EE0-5260-450E-A10D-B9DD028F817F}"
EndProject
Global
	GlobalSection(SolutionConfigurationPlatforms) = preSolution
		Debug|Any CPU = Debug|Any CPU
		Release|Any CPU = Release|Any CPU
	EndGlobalSection
	GlobalSection(ProjectConfigurationPlatforms) = postSolution
		{8F587EE0-5260-450E-A10D-B9DD028F817F}.Debug|Any CPU.ActiveCfg = Debug|Any CPU
		{8F587EE0-5260-450E-A10D-B9DD028F817F}.Debug|Any CPU.Build.0 = Debug|Any CPU
		{8F587EE0-5260-450E-A10D-B9DD028F817F}.Release|Any CPU.ActiveCfg = Release|Any CPU
		{8F587EE0-5260-450E-A10D-B9DD028F817F}.Release|Any CPU.Build.0 = Release|Any CPU
	EndGlobalSection
	GlobalSection(SolutionProperties) = preSolution
		HideSolutionNode = FALSE
	EndGlobalSection
	GlobalSection(ExtensibilityGlobals) = postSolution
		SolutionGuid = {A615E930-86ED-4118-B704-69D111BB2155}
	EndGlobalSection
EndGlobal
